
Microsoft Visual Studio Solution File, Format Version 11.00
# Visual Studio 2010
Project("{FAE04EC0-301F-11D3-BF4B-00C04F79EFBC}") = "SuperMarket", "SuperMarket\SuperMarket.csproj", "{0F803CF2-8BEB-4C4E-A72C-EA8E1BD69B7F}"
EndProject
Project("{FAE04EC0-301F-11D3-BF4B-00C04F79EFBC}") = "SQLConnector", "..\SQLConnector\SQLConnector\SQLConnector.csproj", "{BBE1350D-B29A-4F56-A1F0-2DCB31050E18}"
EndProject
Global
	GlobalSection(SolutionConfigurationPlatforms) = preSolution
		Debug|Any CPU = Debug|Any CPU
		Release|Any CPU = Release|Any CPU
	EndGlobalSection
	GlobalSection(ProjectConfigurationPlatforms) = postSolution
		{0F803CF2-8BEB-4C4E-A72C-EA8E1BD69B7F}.Debug|Any CPU.ActiveCfg = Debug|Any CPU
		{0F803CF2-8BEB-4C4E-A72C-EA8E1BD69B7F}.Debug|Any CPU.Build.0 = Debug|Any CPU
		{0F803CF2-8BEB-4C4E-A72C-EA8E1BD69B7F}.Release|Any CPU.ActiveCfg = Release|Any CPU
		{0F803CF2-8BEB-4C4E-A72C-EA8E1BD69B7F}.Release|Any CPU.Build.0 = Release|Any CPU
		{BBE1350D-B29A-4F56-A1F0-2DCB31050E18}.Debug|Any CPU.ActiveCfg = Debug|Any CPU
		{BBE1350D-B29A-4F56-A1F0-2DCB31050E18}.Debug|Any CPU.Build.0 = Debug|Any CPU
		{BBE1350D-B29A-4F56-A1F0-2DCB31050E18}.Release|Any CPU.ActiveCfg = Release|Any CPU
		{BBE1350D-B29A-4F56-A1F0-2DCB31050E18}.Release|Any CPU.Build.0 = Release|Any CPU
	EndGlobalSection
	GlobalSection(SolutionProperties) = preSolution
		HideSolutionNode = FALSE
	EndGlobalSection
EndGlobal
